
Microsoft Visual Studio Solution File, Format Version 12.00
# Visual Studio 15
VisualStudioVersion = 15.0.27703.2035
MinimumVisualStudioVersion = 10.0.40219.1
Project("{FAE04EC0-301F-11D3-BF4B-00C04F79EFBC}") = "CreateChartsUsingMVC", "CreateChartsUsingMVC\CreateChartsUsingMVC.csproj", "{51A56FD9-53A5-469D-9F5F-EDA6DABA9772}"
EndProject
Global
	GlobalSection(SolutionConfigurationPlatforms) = preSolution
		Debug|Any CPU = Debug|Any CPU
		Release|Any CPU = Release|Any CPU
	EndGlobalSection
	GlobalSection(ProjectConfigurationPlatforms) = postSolution
		{51A56FD9-53A5-469D-9F5F-EDA6DABA9772}.Debug|Any CPU.ActiveCfg = Debug|Any CPU
		{51A56FD9-53A5-469D-9F5F-EDA6DABA9772}.Debug|Any CPU.Build.0 = Debug|Any CPU
		{51A56FD9-53A5-469D-9F5F-EDA6DABA9772}.Release|Any CPU.ActiveCfg = Release|Any CPU
		{51A56FD9-53A5-469D-9F5F-EDA6DABA9772}.Release|Any CPU.Build.0 = Release|Any CPU
	EndGlobalSection
	GlobalSection(SolutionProperties) = preSolution
		HideSolutionNode = FALSE
	EndGlobalSection
	GlobalSection(ExtensibilityGlobals) = postSolution
		SolutionGuid = {D3CECAE4-13A2-4226-9552-DCB82440436D}
	EndGlobalSection
EndGlobal
